
Microsoft Visual Studio Solution File, Format Version 12.00
# Visual Studio 15
VisualStudioVersion = 15.0.27130.2010
MinimumVisualStudioVersion = 10.0.40219.1
Project("{FAE04EC0-301F-11D3-BF4B-00C04F79EFBC}") = "ProyGit", "ProyGit\ProyGit.csproj", "{27FF8DBB-061B-4388-8468-48B13B6491C1}"
EndProject
Project("{FAE04EC0-301F-11D3-BF4B-00C04F79EFBC}") = "ClaseDatos", "ClaseDatos\ClaseDatos.csproj", "{FE869962-CAFD-48DF-BC4D-F6330AF30654}"
EndProject
Global
	GlobalSection(SolutionConfigurationPlatforms) = preSolution
		Debug|Any CPU = Debug|Any CPU
		Release|Any CPU = Release|Any CPU
	EndGlobalSection
	GlobalSection(ProjectConfigurationPlatforms) = postSolution
		{27FF8DBB-061B-4388-8468-48B13B6491C1}.Debug|Any CPU.ActiveCfg = Debug|Any CPU
		{27FF8DBB-061B-4388-8468-48B13B6491C1}.Debug|Any CPU.Build.0 = Debug|Any CPU
		{27FF8DBB-061B-4388-8468-48B13B6491C1}.Release|Any CPU.ActiveCfg = Release|Any CPU
		{27FF8DBB-061B-4388-8468-48B13B6491C1}.Release|Any CPU.Build.0 = Release|Any CPU
		{FE869962-CAFD-48DF-BC4D-F6330AF30654}.Debug|Any CPU.ActiveCfg = Debug|Any CPU
		{FE869962-CAFD-48DF-BC4D-F6330AF30654}.Debug|Any CPU.Build.0 = Debug|Any CPU
		{FE869962-CAFD-48DF-BC4D-F6330AF30654}.Release|Any CPU.ActiveCfg = Release|Any CPU
		{FE869962-CAFD-48DF-BC4D-F6330AF30654}.Release|Any CPU.Build.0 = Release|Any CPU
	EndGlobalSection
	GlobalSection(SolutionProperties) = preSolution
		HideSolutionNode = FALSE
	EndGlobalSection
	GlobalSection(ExtensibilityGlobals) = postSolution
		SolutionGuid = {042A4F56-9BC2-40D8-A3D6-B2C2778D6D1F}
	EndGlobalSection
EndGlobal
